
Microsoft Visual Studio Solution File, Format Version 12.00
# Visual Studio 2013
VisualStudioVersion = 12.0.31101.0
MinimumVisualStudioVersion = 10.0.40219.1
Project("{FAE04EC0-301F-11D3-BF4B-00C04F79EFBC}") = "CoreLib", "CoreLib\CoreLib.csproj", "{7890B421-C2A8-4961-9ACA-54EBC16305D9}"
EndProject
Project("{FAE04EC0-301F-11D3-BF4B-00C04F79EFBC}") = "CoreLib.Test", "CoreLib.Test\CoreLib.Test.csproj", "{6938FDE7-4ABC-43EA-8951-B64AB797DF44}"
EndProject
Global
	GlobalSection(SolutionConfigurationPlatforms) = preSolution
		Debug|Any CPU = Debug|Any CPU
		Release|Any CPU = Release|Any CPU
	EndGlobalSection
	GlobalSection(ProjectConfigurationPlatforms) = postSolution
		{7890B421-C2A8-4961-9ACA-54EBC16305D9}.Debug|Any CPU.ActiveCfg = Debug|Any CPU
		{7890B421-C2A8-4961-9ACA-54EBC16305D9}.Debug|Any CPU.Build.0 = Debug|Any CPU
		{7890B421-C2A8-4961-9ACA-54EBC16305D9}.Release|Any CPU.ActiveCfg = Release|Any CPU
		{7890B421-C2A8-4961-9ACA-54EBC16305D9}.Release|Any CPU.Build.0 = Release|Any CPU
		{6938FDE7-4ABC-43EA-8951-B64AB797DF44}.Debug|Any CPU.ActiveCfg = Debug|Any CPU
		{6938FDE7-4ABC-43EA-8951-B64AB797DF44}.Debug|Any CPU.Build.0 = Debug|Any CPU
		{6938FDE7-4ABC-43EA-8951-B64AB797DF44}.Release|Any CPU.ActiveCfg = Release|Any CPU
		{6938FDE7-4ABC-43EA-8951-B64AB797DF44}.Release|Any CPU.Build.0 = Release|Any CPU
	EndGlobalSection
	GlobalSection(SolutionProperties) = preSolution
		HideSolutionNode = FALSE
	EndGlobalSection
EndGlobal
